// !$*UTF8*$!
{
	archiveVersion = 1;
	classes = {
	};
	objectVersion = 56;
	objects = {

/* Begin PBXBuildFile section */
		9A161B6C2B37C62600AE5E1D /* TextEntryWithLabel.swift in Sources */ = {isa = PBXBuildFile; fileRef = 9A161B6B2B37C62600AE5E1D /* TextEntryWithLabel.swift */; };
		9A8ABF132B3285FB003FC675 /* FRC_scout_2200App.swift in Sources */ = {isa = PBXBuildFile; fileRef = 9A8ABF122B3285FB003FC675 /* FRC_scout_2200App.swift */; };
		9A8ABF152B3285FB003FC675 /* ContentView.swift in Sources */ = {isa = PBXBuildFile; fileRef = 9A8ABF142B3285FB003FC675 /* ContentView.swift */; };
		9A8ABF172B3285FC003FC675 /* Assets.xcassets in Resources */ = {isa = PBXBuildFile; fileRef = 9A8ABF162B3285FC003FC675 /* Assets.xcassets */; };
		9A8ABF1A2B3285FC003FC675 /* Preview Assets.xcassets in Resources */ = {isa = PBXBuildFile; fileRef = 9A8ABF192B3285FC003FC675 /* Preview Assets.xcassets */; };
		9A8ABF232B32867F003FC675 /* Main2024.swift in Sources */ = {isa = PBXBuildFile; fileRef = 9A8ABF222B32867F003FC675 /* Main2024.swift */; };
		9A8ABF262B353396003FC675 /* Main2023.swift in Sources */ = {isa = PBXBuildFile; fileRef = 9A8ABF252B353396003FC675 /* Main2023.swift */; };
		9A8ABF2A2B354AC2003FC675 /* QRViewer.swift in Sources */ = {isa = PBXBuildFile; fileRef = 9A8ABF292B354AC2003FC675 /* QRViewer.swift */; };
/* End PBXBuildFile section */

/* Begin PBXFileReference section */
		9A161B6B2B37C62600AE5E1D /* TextEntryWithLabel.swift */ = {isa = PBXFileReference; lastKnownFileType = sourcecode.swift; path = TextEntryWithLabel.swift; sourceTree = "<group>"; };
		9A8ABF0F2B3285FB003FC675 /* FRC-scout-2200.app */ = {isa = PBXFileReference; explicitFileType = wrapper.application; includeInIndex = 0; path = "FRC-scout-2200.app"; sourceTree = BUILT_PRODUCTS_DIR; };
		9A8ABF122B3285FB003FC675 /* FRC_scout_2200App.swift */ = {isa = PBXFileReference; lastKnownFileType = sourcecode.swift; path = FRC_scout_2200App.swift; sourceTree = "<group>"; };
		9A8ABF142B3285FB003FC675 /* ContentView.swift */ = {isa = PBXFileReference; lastKnownFileType = sourcecode.swift; path = ContentView.swift; sourceTree = "<group>"; };
		9A8ABF162B3285FC003FC675 /* Assets.xcassets */ = {isa = PBXFileReference; lastKnownFileType = folder.assetcatalog; path = Assets.xcassets; sourceTree = "<group>"; };
		9A8ABF192B3285FC003FC675 /* Preview Assets.xcassets */ = {isa = PBXFileReference; lastKnownFileType = folder.assetcatalog; path = "Preview Assets.xcassets"; sourceTree = "<group>"; };
		9A8ABF222B32867F003FC675 /* Main2024.swift */ = {isa = PBXFileReference; lastKnownFileType = sourcecode.swift; path = Main2024.swift; sourceTree = "<group>"; };
		9A8ABF252B353396003FC675 /* Main2023.swift */ = {isa = PBXFileReference; lastKnownFileType = sourcecode.swift; path = Main2023.swift; sourceTree = "<group>"; };
		9A8ABF292B354AC2003FC675 /* QRViewer.swift */ = {isa = PBXFileReference; lastKnownFileType = sourcecode.swift; name = QRViewer.swift; path = "FRC-scout-2200/QRViewer.swift"; sourceTree = SOURCE_ROOT; };
/* End PBXFileReference section */

/* Begin PBXFrameworksBuildPhase section */
		9A8ABF0C2B3285FB003FC675 /* Frameworks */ = {
			isa = PBXFrameworksBuildPhase;
			buildActionMask = 2147483647;
			files = (
			);
			runOnlyForDeploymentPostprocessing = 0;
		};
/* End PBXFrameworksBuildPhase section */

/* Begin PBXGroup section */
		9A161B6A2B37C5D300AE5E1D /* Elements */ = {
			isa = PBXGroup;
			children = (
				9A161B6B2B37C62600AE5E1D /* TextEntryWithLabel.swift */,
			);
			path = Elements;
			sourceTree = "<group>";
		};
		9A8ABF062B3285FB003FC675 = {
			isa = PBXGroup;
			children = (
				9A8ABF112B3285FB003FC675 /* FRC-scout-2200 */,
				9A8ABF102B3285FB003FC675 /* Products */,
			);
			sourceTree = "<group>";
		};
		9A8ABF102B3285FB003FC675 /* Products */ = {
			isa = PBXGroup;
			children = (
				9A8ABF0F2B3285FB003FC675 /* FRC-scout-2200.app */,
			);
			name = Products;
			sourceTree = "<group>";
		};
		9A8ABF112B3285FB003FC675 /* FRC-scout-2200 */ = {
			isa = PBXGroup;
			children = (
				9A161B6A2B37C5D300AE5E1D /* Elements */,
				9A8ABF242B353377003FC675 /* Years */,
				9A8ABF142B3285FB003FC675 /* ContentView.swift */,
				9A8ABF122B3285FB003FC675 /* FRC_scout_2200App.swift */,
				9A8ABF292B354AC2003FC675 /* QRViewer.swift */,
				9A8ABF162B3285FC003FC675 /* Assets.xcassets */,
				9A8ABF182B3285FC003FC675 /* Preview Content */,
			);
			path = "FRC-scout-2200";
			sourceTree = "<group>";
		};
		9A8ABF182B3285FC003FC675 /* Preview Content */ = {
			isa = PBXGroup;
			children = (
				9A8ABF192B3285FC003FC675 /* Preview Assets.xcassets */,
			);
			path = "Preview Content";
			sourceTree = "<group>";
		};
		9A8ABF242B353377003FC675 /* Years */ = {
			isa = PBXGroup;
			children = (
				9A8ABF282B354A92003FC675 /* 2024 */,
				9A8ABF272B354A86003FC675 /* 2023 */,
			);
			path = Years;
			sourceTree = "<group>";
		};
		9A8ABF272B354A86003FC675 /* 2023 */ = {
			isa = PBXGroup;
			children = (
				9A8ABF252B353396003FC675 /* Main2023.swift */,
			);
			path = 2023;
			sourceTree = "<group>";
		};
		9A8ABF282B354A92003FC675 /* 2024 */ = {
			isa = PBXGroup;
			children = (
				9A8ABF222B32867F003FC675 /* Main2024.swift */,
			);
			path = 2024;
			sourceTree = "<group>";
		};
/* End PBXGroup section */

/* Begin PBXNativeTarget section */
		9A8ABF0E2B3285FB003FC675 /* FRC-scout-2200 */ = {
			isa = PBXNativeTarget;
			buildConfigurationList = 9A8ABF1D2B3285FC003FC675 /* Build configuration list for PBXNativeTarget "FRC-scout-2200" */;
			buildPhases = (
				9A8ABF0B2B3285FB003FC675 /* Sources */,
				9A8ABF0C2B3285FB003FC675 /* Frameworks */,
				9A8ABF0D2B3285FB003FC675 /* Resources */,
			);
			buildRules = (
			);
			dependencies = (
			);
			name = "FRC-scout-2200";
			productName = "FRC-scout-2200";
			productReference = 9A8ABF0F2B3285FB003FC675 /* FRC-scout-2200.app */;
			productType = "com.apple.product-type.application";
		};
/* End PBXNativeTarget section */

/* Begin PBXProject section */
		9A8ABF072B3285FB003FC675 /* Project object */ = {
			isa = PBXProject;
			attributes = {
				BuildIndependentTargetsInParallel = 1;
				LastSwiftUpdateCheck = 1510;
				LastUpgradeCheck = 1510;
				TargetAttributes = {
					9A8ABF0E2B3285FB003FC675 = {
						CreatedOnToolsVersion = 15.1;
					};
				};
			};
			buildConfigurationList = 9A8ABF0A2B3285FB003FC675 /* Build configuration list for PBXProject "FRC-scout-2200" */;
			compatibilityVersion = "Xcode 14.0";
			developmentRegion = en;
			hasScannedForEncodings = 0;
			knownRegions = (
				en,
				Base,
			);
			mainGroup = 9A8ABF062B3285FB003FC675;
			productRefGroup = 9A8ABF102B3285FB003FC675 /* Products */;
			projectDirPath = "";
			projectRoot = "";
			targets = (
				9A8ABF0E2B3285FB003FC675 /* FRC-scout-2200 */,
			);
		};
/* End PBXProject section */

/* Begin PBXResourcesBuildPhase section */
		9A8ABF0D2B3285FB003FC675 /* Resources */ = {
			isa = PBXResourcesBuildPhase;
			buildActionMask = 2147483647;
			files = (
				9A8ABF1A2B3285FC003FC675 /* Preview Assets.xcassets in Resources */,
				9A8ABF172B3285FC003FC675 /* Assets.xcassets in Resources */,
			);
			runOnlyForDeploymentPostprocessing = 0;
		};
/* End PBXResourcesBuildPhase section */

/* Begin PBXSourcesBuildPhase section */
		9A8ABF0B2B3285FB003FC675 /* Sources */ = {
			isa = PBXSourcesBuildPhase;
			buildActionMask = 2147483647;
			files = (
				9A8ABF152B3285FB003FC675 /* ContentView.swift in Sources */,
				9A8ABF2A2B354AC2003FC675 /* QRViewer.swift in Sources */,
				9A8ABF262B353396003FC675 /* Main2023.swift in Sources */,
				9A8ABF232B32867F003FC675 /* Main2024.swift in Sources */,
				9A161B6C2B37C62600AE5E1D /* TextEntryWithLabel.swift in Sources */,
				9A8ABF132B3285FB003FC675 /* FRC_scout_2200App.swift in Sources */,
			);
			runOnlyForDeploymentPostprocessing = 0;
		};
/* End PBXSourcesBuildPhase section */

/* Begin XCBuildConfiguration section */
		9A8ABF1B2B3285FC003FC675 /* Debug */ = {
			isa = XCBuildConfiguration;
			buildSettings = {
				ALWAYS_SEARCH_USER_PATHS = NO;
				ASSETCATALOG_COMPILER_GENERATE_SWIFT_ASSET_SYMBOL_EXTENSIONS = YES;
				CLANG_ANALYZER_NONNULL = YES;
				CLANG_ANALYZER_NUMBER_OBJECT_CONVERSION = YES_AGGRESSIVE;
				CLANG_CXX_LANGUAGE_STANDARD = "gnu++20";
				CLANG_ENABLE_MODULES = YES;
				CLANG_ENABLE_OBJC_ARC = YES;
				CLANG_ENABLE_OBJC_WEAK = YES;
				CLANG_WARN_BLOCK_CAPTURE_AUTORELEASING = YES;
				CLANG_WARN_BOOL_CONVERSION = YES;
				CLANG_WARN_COMMA = YES;
				CLANG_WARN_CONSTANT_CONVERSION = YES;
				CLANG_WARN_DEPRECATED_OBJC_IMPLEMENTATIONS = YES;
				CLANG_WARN_DIRECT_OBJC_ISA_USAGE = YES_ERROR;
				CLANG_WARN_DOCUMENTATION_COMMENTS = YES;
				CLANG_WARN_EMPTY_BODY = YES;
				CLANG_WARN_ENUM_CONVERSION = YES;
				CLANG_WARN_INFINITE_RECURSION = YES;
				CLANG_WARN_INT_CONVERSION = YES;
				CLANG_WARN_NON_LITERAL_NULL_CONVERSION = YES;
				CLANG_WARN_OBJC_IMPLICIT_RETAIN_SELF = YES;
				CLANG_WARN_OBJC_LITERAL_CONVERSION = YES;
				CLANG_WARN_OBJC_ROOT_CLASS = YES_ERROR;
				CLANG_WARN_QUOTED_INCLUDE_IN_FRAMEWORK_HEADER = YES;
				CLANG_WARN_RANGE_LOOP_ANALYSIS = YES;
				CLANG_WARN_STRICT_PROTOTYPES = YES;
				CLANG_WARN_SUSPICIOUS_MOVE = YES;
				CLANG_WARN_UNGUARDED_AVAILABILITY = YES_AGGRESSIVE;
				CLANG_WARN_UNREACHABLE_CODE = YES;
				CLANG_WARN__DUPLICATE_METHOD_MATCH = YES;
				COPY_PHASE_STRIP = NO;
				DEBUG_INFORMATION_FORMAT = dwarf;
				ENABLE_STRICT_OBJC_MSGSEND = YES;
				ENABLE_TESTABILITY = YES;
				ENABLE_USER_SCRIPT_SANDBOXING = YES;
				GCC_C_LANGUAGE_STANDARD = gnu17;
				GCC_DYNAMIC_NO_PIC = NO;
				GCC_NO_COMMON_BLOCKS = YES;
				GCC_OPTIMIZATION_LEVEL = 0;
				GCC_PREPROCESSOR_DEFINITIONS = (
					"DEBUG=1",
					"$(inherited)",
				);
				GCC_WARN_64_TO_32_BIT_CONVERSION = YES;
				GCC_WARN_ABOUT_RETURN_TYPE = YES_ERROR;
				GCC_WARN_UNDECLARED_SELECTOR = YES;
				GCC_WARN_UNINITIALIZED_AUTOS = YES_AGGRESSIVE;
				GCC_WARN_UNUSED_FUNCTION = YES;
				GCC_WARN_UNUSED_VARIABLE = YES;
				IPHONEOS_DEPLOYMENT_TARGET = 17.2;
				LOCALIZATION_PREFERS_STRING_CATALOGS = YES;
				MTL_ENABLE_DEBUG_INFO = INCLUDE_SOURCE;
				MTL_FAST_MATH = YES;
				ONLY_ACTIVE_ARCH = YES;
				SDKROOT = iphoneos;
				SWIFT_ACTIVE_COMPILATION_CONDITIONS = "DEBUG $(inherited)";
				SWIFT_OPTIMIZATION_LEVEL = "-Onone";
			};
			name = Debug;
		};
		9A8ABF1C2B3285FC003FC675 /* Release */ = {
			isa = XCBuildConfiguration;
			buildSettings = {
				ALWAYS_SEARCH_USER_PATHS = NO;
				ASSETCATALOG_COMPILER_GENERATE_SWIFT_ASSET_SYMBOL_EXTENSIONS = YES;
				CLANG_ANALYZER_NONNULL = YES;
				CLANG_ANALYZER_NUMBER_OBJECT_CONVERSION = YES_AGGRESSIVE;
				CLANG_CXX_LANGUAGE_STANDARD = "gnu++20";
				CLANG_ENABLE_MODULES = YES;
				CLANG_ENABLE_OBJC_ARC = YES;
				CLANG_ENABLE_OBJC_WEAK = YES;
				CLANG_WARN_BLOCK_CAPTURE_AUTORELEASING = YES;
				CLANG_WARN_BOOL_CONVERSION = YES;
				CLANG_WARN_COMMA = YES;
				CLANG_WARN_CONSTANT_CONVERSION = YES;
				CLANG_WARN_DEPRECATED_OBJC_IMPLEMENTATIONS = YES;
				CLANG_WARN_DIRECT_OBJC_ISA_USAGE = YES_ERROR;
				CLANG_WARN_DOCUMENTATION_COMMENTS = YES;
				CLANG_WARN_EMPTY_BODY = YES;
				CLANG_WARN_ENUM_CONVERSION = YES;
				CLANG_WARN_INFINITE_RECURSION = YES;
				CLANG_WARN_INT_CONVERSION = YES;
				CLANG_WARN_NON_LITERAL_NULL_CONVERSION = YES;
				CLANG_WARN_OBJC_IMPLICIT_RETAIN_SELF = YES;
				CLANG_WARN_OBJC_LITERAL_CONVERSION = YES;
				CLANG_WARN_OBJC_ROOT_CLASS = YES_ERROR;
				CLANG_WARN_QUOTED_INCLUDE_IN_FRAMEWORK_HEADER = YES;
				CLANG_WARN_RANGE_LOOP_ANALYSIS = YES;
				CLANG_WARN_STRICT_PROTOTYPES = YES;
				CLANG_WARN_SUSPICIOUS_MOVE = YES;
				CLANG_WARN_UNGUARDED_AVAILABILITY = YES_AGGRESSIVE;
				CLANG_WARN_UNREACHABLE_CODE = YES;
				CLANG_WARN__DUPLICATE_METHOD_MATCH = YES;
				COPY_PHASE_STRIP = NO;
				DEBUG_INFORMATION_FORMAT = "dwarf-with-dsym";
				ENABLE_NS_ASSERTIONS = NO;
				ENABLE_STRICT_OBJC_MSGSEND = YES;
				ENABLE_USER_SCRIPT_SANDBOXING = YES;
				GCC_C_LANGUAGE_STANDARD = gnu17;
				GCC_NO_COMMON_BLOCKS = YES;
				GCC_WARN_64_TO_32_BIT_CONVERSION = YES;
				GCC_WARN_ABOUT_RETURN_TYPE = YES_ERROR;
				GCC_WARN_UNDECLARED_SELECTOR = YES;
				GCC_WARN_UNINITIALIZED_AUTOS = YES_AGGRESSIVE;
				GCC_WARN_UNUSED_FUNCTION = YES;
				GCC_WARN_UNUSED_VARIABLE = YES;
				IPHONEOS_DEPLOYMENT_TARGET = 17.2;
				LOCALIZATION_PREFERS_STRING_CATALOGS = YES;
				MTL_ENABLE_DEBUG_INFO = NO;
				MTL_FAST_MATH = YES;
				SDKROOT = iphoneos;
				SWIFT_COMPILATION_MODE = wholemodule;
				VALIDATE_PRODUCT = YES;
			};
			name = Release;
		};
		9A8ABF1E2B3285FC003FC675 /* Debug */ = {
			isa = XCBuildConfiguration;
			buildSettings = {
				ASSETCATALOG_COMPILER_APPICON_NAME = AppIcon;
				ASSETCATALOG_COMPILER_GLOBAL_ACCENT_COLOR_NAME = AccentColor;
				ASSETCATALOG_COMPILER_INCLUDE_ALL_APPICON_ASSETS = YES;
				CODE_SIGN_STYLE = Automatic;
				CURRENT_PROJECT_VERSION = 1;
				DEVELOPMENT_ASSET_PATHS = "\"FRC-scout-2200/Preview Content\"";
				DEVELOPMENT_TEAM = Z76727PTL8;
				ENABLE_PREVIEWS = YES;
				GENERATE_INFOPLIST_FILE = YES;
				INFOPLIST_KEY_CFBundleDisplayName = "2200 Scouting";
				INFOPLIST_KEY_LSApplicationCategoryType = "public.app-category.utilities";
				INFOPLIST_KEY_UIApplicationSceneManifest_Generation = YES;
				INFOPLIST_KEY_UIApplicationSupportsIndirectInputEvents = YES;
				INFOPLIST_KEY_UILaunchScreen_Generation = YES;
				INFOPLIST_KEY_UILaunchStoryboardName = "";
				INFOPLIST_KEY_UIStatusBarStyle = "";
				INFOPLIST_KEY_UISupportedInterfaceOrientations = UIInterfaceOrientationPortrait;
				INFOPLIST_KEY_UISupportedInterfaceOrientations_iPad = "UIInterfaceOrientationLandscapeLeft UIInterfaceOrientationLandscapeRight UIInterfaceOrientationPortrait UIInterfaceOrientationPortraitUpsideDown";
				LD_RUNPATH_SEARCH_PATHS = (
					"$(inherited)",
					"@executable_path/Frameworks",
				);
				MARKETING_VERSION = 1.0;
				PRODUCT_BUNDLE_IDENTIFIER = "tech.hugo-klepsch.FRC-scout-2200";
				PRODUCT_NAME = "$(TARGET_NAME)";
				SWIFT_EMIT_LOC_STRINGS = YES;
				SWIFT_VERSION = 5.0;
				TARGETED_DEVICE_FAMILY = "1,2";
			};
			name = Debug;
		};
		9A8ABF1F2B3285FC003FC675 /* Release */ = {
			isa = XCBuildConfiguration;
			buildSettings = {
				ASSETCATALOG_COMPILER_APPICON_NAME = AppIcon;
				ASSETCATALOG_COMPILER_GLOBAL_ACCENT_COLOR_NAME = AccentColor;
				ASSETCATALOG_COMPILER_INCLUDE_ALL_APPICON_ASSETS = YES;
				CODE_SIGN_STYLE = Automatic;
				CURRENT_PROJECT_VERSION = 1;
				DEVELOPMENT_ASSET_PATHS = "\"FRC-scout-2200/Preview Content\"";
				DEVELOPMENT_TEAM = Z76727PTL8;
				ENABLE_PREVIEWS = YES;
				GENERATE_INFOPLIST_FILE = YES;
				INFOPLIST_KEY_CFBundleDisplayName = "2200 Scouting";
				INFOPLIST_KEY_LSApplicationCategoryType = "public.app-category.utilities";
				INFOPLIST_KEY_UIApplicationSceneManifest_Generation = YES;
				INFOPLIST_KEY_UIApplicationSupportsIndirectInputEvents = YES;
				INFOPLIST_KEY_UILaunchScreen_Generation = YES;
				INFOPLIST_KEY_UILaunchStoryboardName = "";
				INFOPLIST_KEY_UIStatusBarStyle = "";
				INFOPLIST_KEY_UISupportedInterfaceOrientations = UIInterfaceOrientationPortrait;
				INFOPLIST_KEY_UISupportedInterfaceOrientations_iPad = "UIInterfaceOrientationLandscapeLeft UIInterfaceOrientationLandscapeRight UIInterfaceOrientationPortrait UIInterfaceOrientationPortraitUpsideDown";
				LD_RUNPATH_SEARCH_PATHS = (
					"$(inherited)",
					"@executable_path/Frameworks",
				);
				MARKETING_VERSION = 1.0;
				PRODUCT_BUNDLE_IDENTIFIER = "tech.hugo-klepsch.FRC-scout-2200";
				PRODUCT_NAME = "$(TARGET_NAME)";
				SWIFT_EMIT_LOC_STRINGS = YES;
				SWIFT_VERSION = 5.0;
				TARGETED_DEVICE_FAMILY = "1,2";
			};
			name = Release;
		};
/* End XCBuildConfiguration section */

/* Begin XCConfigurationList section */
		9A8ABF0A2B3285FB003FC675 /* Build configuration list for PBXProject "FRC-scout-2200" */ = {
			isa = XCConfigurationList;
			buildConfigurations = (
				9A8ABF1B2B3285FC003FC675 /* Debug */,
				9A8ABF1C2B3285FC003FC675 /* Release */,
			);
			defaultConfigurationIsVisible = 0;
			defaultConfigurationName = Release;
		};
		9A8ABF1D2B3285FC003FC675 /* Build configuration list for PBXNativeTarget "FRC-scout-2200" */ = {
			isa = XCConfigurationList;
			buildConfigurations = (
				9A8ABF1E2B3285FC003FC675 /* Debug */,
				9A8ABF1F2B3285FC003FC675 /* Release */,
			);
			defaultConfigurationIsVisible = 0;
			defaultConfigurationName = Release;
		};
/* End XCConfigurationList section */
	};
	rootObject = 9A8ABF072B3285FB003FC675 /* Project object */;
}
